
Microsoft Visual Studio Solution File, Format Version 12.00
# Visual Studio Version 17
VisualStudioVersion = 17.5.002.0
MinimumVisualStudioVersion = 10.0.40219.1
Project("{2150E333-8FDC-42A3-9474-1A3956D46DE8}") = "src", "src", "{BD056138-EDF6-4CBD-B7D6-60006887F842}"
EndProject
Project("{9A19103F-16F7-4668-BE54-9A1E7A4F7556}") = "Play.Identity.Contracts", "src\Play.Identity.Contracts\Play.Identity.Contracts.csproj", "{30E7F61E-DCC8-43FA-8B58-E422691BD3CB}"
EndProject
Project("{9A19103F-16F7-4668-BE54-9A1E7A4F7556}") = "Play.Identity.Service", "src\Play.Identity.Service\Play.Identity.Service.csproj", "{3081452A-819F-4CA4-8FDF-CCCA3DB854AF}"
EndProject
Global
	GlobalSection(SolutionConfigurationPlatforms) = preSolution
		Debug|Any CPU = Debug|Any CPU
		Release|Any CPU = Release|Any CPU
	EndGlobalSection
	GlobalSection(ProjectConfigurationPlatforms) = postSolution
		{30E7F61E-DCC8-43FA-8B58-E422691BD3CB}.Debug|Any CPU.ActiveCfg = Debug|Any CPU
		{30E7F61E-DCC8-43FA-8B58-E422691BD3CB}.Debug|Any CPU.Build.0 = Debug|Any CPU
		{30E7F61E-DCC8-43FA-8B58-E422691BD3CB}.Release|Any CPU.ActiveCfg = Release|Any CPU
		{30E7F61E-DCC8-43FA-8B58-E422691BD3CB}.Release|Any CPU.Build.0 = Release|Any CPU
		{3081452A-819F-4CA4-8FDF-CCCA3DB854AF}.Debug|Any CPU.ActiveCfg = Debug|Any CPU
		{3081452A-819F-4CA4-8FDF-CCCA3DB854AF}.Debug|Any CPU.Build.0 = Debug|Any CPU
		{3081452A-819F-4CA4-8FDF-CCCA3DB854AF}.Release|Any CPU.ActiveCfg = Release|Any CPU
		{3081452A-819F-4CA4-8FDF-CCCA3DB854AF}.Release|Any CPU.Build.0 = Release|Any CPU
	EndGlobalSection
	GlobalSection(SolutionProperties) = preSolution
		HideSolutionNode = FALSE
	EndGlobalSection
	GlobalSection(NestedProjects) = preSolution
		{30E7F61E-DCC8-43FA-8B58-E422691BD3CB} = {BD056138-EDF6-4CBD-B7D6-60006887F842}
		{3081452A-819F-4CA4-8FDF-CCCA3DB854AF} = {BD056138-EDF6-4CBD-B7D6-60006887F842}
	EndGlobalSection
	GlobalSection(ExtensibilityGlobals) = postSolution
		SolutionGuid = {6FC6D460-3594-4B0A-8065-FDA3447B4C67}
	EndGlobalSection
EndGlobal
